
Microsoft Visual Studio Solution File, Format Version 12.00
# Visual Studio 15
VisualStudioVersion = 15.0.27130.2026
MinimumVisualStudioVersion = 10.0.40219.1
Project("{FAE04EC0-301F-11D3-BF4B-00C04F79EFBC}") = "Scs", "..\scs-master net3_5\src\Scs\Scs.csproj", "{0DC81B09-3ABF-4BB3-8C08-4E8EE4432BDC}"
EndProject
Project("{2150E333-8FDC-42A3-9474-1A3956D46DE8}") = "ScsService", "ScsService", "{D30DBDE2-1A62-4248-A799-6BCA16B6C4E0}"
EndProject
Project("{FAE04EC0-301F-11D3-BF4B-00C04F79EFBC}") = "ScsService.Common", "ScsService\Common\ScsService.Common.csproj", "{5A2546E5-59C0-4879-9F8D-71E0F927C9DB}"
EndProject
Project("{FAE04EC0-301F-11D3-BF4B-00C04F79EFBC}") = "ScsService.Server", "ScsService\Server\ScsService.Server.csproj", "{C2BAC628-3F83-4A7F-90B0-83709B8C79E4}"
EndProject
Project("{2150E333-8FDC-42A3-9474-1A3956D46DE8}") = "ClietnServerGameCommon", "ClietnServerGameCommon", "{539C12CF-6F4B-499A-8279-474B78922271}"
EndProject
Project("{FAE04EC0-301F-11D3-BF4B-00C04F79EFBC}") = "Loger", "..\ClientServerCommon\Loger\Loger.csproj", "{7DAD1F70-B508-4514-AD97-5AACEA79EDBF}"
EndProject
Project("{FAE04EC0-301F-11D3-BF4B-00C04F79EFBC}") = "DataAsses", "..\ClientServerCommon\DataAsses\DataAsses.csproj", "{E8C7A12E-2F5C-4D58-9F25-F6E4A626D76B}"
EndProject
Project("{FAE04EC0-301F-11D3-BF4B-00C04F79EFBC}") = "ClientServerGameLogicCommon", "..\ClientServerCommon\ClientServerGameLogicCommon\ClientServerGameLogicCommon.csproj", "{82179748-225A-40DE-B7E4-3A5B70AA276C}"
EndProject
Project("{FAE04EC0-301F-11D3-BF4B-00C04F79EFBC}") = "ScsService.Client", "ScsService\ScsService.Client\ScsService.Client.csproj", "{3FF31737-AA75-4EF3-9E8F-F05C07DDD8BC}"
EndProject
Project("{FAE04EC0-301F-11D3-BF4B-00C04F79EFBC}") = "ConnectionIntegrationTest", "ScsService\Tests\ConnectionIntegrationTest\ConnectionIntegrationTest.csproj", "{9151F5BB-1FDE-435B-A916-028D791134F3}"
EndProject
Project("{2150E333-8FDC-42A3-9474-1A3956D46DE8}") = "Tests", "Tests", "{C005031C-D0D5-4A3A-89FF-42FB315D184C}"
EndProject
Project("{FAE04EC0-301F-11D3-BF4B-00C04F79EFBC}") = "TestApp", "ScsService\Tests\TestApp\TestApp.csproj", "{23DC10A0-67F0-4B10-A335-18E9A15B9C1B}"
EndProject
Project("{2150E333-8FDC-42A3-9474-1A3956D46DE8}") = "ToonKnife", "ToonKnife", "{4016A661-5048-4C90-A516-A6D398ACF226}"
EndProject
Project("{FAE04EC0-301F-11D3-BF4B-00C04F79EFBC}") = "ToonKnife.Server", "ToonKnife\ToonKnifeServer\ToonKnife.Server.csproj", "{DAF65F37-FBDE-4D09-84F9-95B4EB48A52E}"
EndProject
Project("{FAE04EC0-301F-11D3-BF4B-00C04F79EFBC}") = "ToonKnife.Common", "ToonKnife\ToonKnifeServerClientCommon\ToonKnife.Common.csproj", "{6BC71155-0319-4E67-A72F-48756BAACFF7}"
EndProject
Project("{FAE04EC0-301F-11D3-BF4B-00C04F79EFBC}") = "IntegrationTestInfrastructure", "IntegrationTestInfrastructure\IntegrationTestInfrastructure.csproj", "{6157FC5E-FD32-4F80-9275-592FCC0557F5}"
EndProject
Project("{2150E333-8FDC-42A3-9474-1A3956D46DE8}") = "Tests", "Tests", "{2FD514C3-06F2-4697-964D-26703E1A2073}"
EndProject
Project("{FAE04EC0-301F-11D3-BF4B-00C04F79EFBC}") = "ToonKnife.TestServer", "ToonKnife\Tests\ToonKnife.TestServer\ToonKnife.TestServer.csproj", "{547DB368-BD48-4DD8-9E3A-9539D8C6DDBB}"
EndProject
Project("{FAE04EC0-301F-11D3-BF4B-00C04F79EFBC}") = "ToonKnife.TestServerApp", "ToonKnife\Tests\ToonKnife.TestServerApp\ToonKnife.TestServerApp.csproj", "{08A8A5C6-39B7-4DD0-B83A-832BF85096E2}"
EndProject
Project("{FAE04EC0-301F-11D3-BF4B-00C04F79EFBC}") = "ToonKnife.TestClient", "ToonKnife\Tests\ToonKnife.TestClient\ToonKnife.TestClient.csproj", "{02FE1C8E-E3FD-4E4C-BFEB-22F081470EFF}"
EndProject
Project("{FAE04EC0-301F-11D3-BF4B-00C04F79EFBC}") = "ToonKnife.Server.ScsServiceAdapter", "ToonKnife\ToonKnife.Server.ScsServiceAdapter\ToonKnife.Server.ScsServiceAdapter.csproj", "{DABE7F4F-B4A2-4483-BC40-F1509027B211}"
EndProject
Project("{FAE04EC0-301F-11D3-BF4B-00C04F79EFBC}") = "ToonKnife.Client.ScsServiceAdapter", "ToonKnife.Client.ScsServiceAdapter\ToonKnife.Client.ScsServiceAdapter.csproj", "{9643A038-CF92-4BFF-A8FD-169298093A2F}"
EndProject
Global
	GlobalSection(SolutionConfigurationPlatforms) = preSolution
		Debug|Any CPU = Debug|Any CPU
		Release|Any CPU = Release|Any CPU
	EndGlobalSection
	GlobalSection(ProjectConfigurationPlatforms) = postSolution
		{0DC81B09-3ABF-4BB3-8C08-4E8EE4432BDC}.Debug|Any CPU.ActiveCfg = Debug|Any CPU
		{0DC81B09-3ABF-4BB3-8C08-4E8EE4432BDC}.Debug|Any CPU.Build.0 = Debug|Any CPU
		{0DC81B09-3ABF-4BB3-8C08-4E8EE4432BDC}.Release|Any CPU.ActiveCfg = Release|Any CPU
		{0DC81B09-3ABF-4BB3-8C08-4E8EE4432BDC}.Release|Any CPU.Build.0 = Release|Any CPU
		{5A2546E5-59C0-4879-9F8D-71E0F927C9DB}.Debug|Any CPU.ActiveCfg = Debug|Any CPU
		{5A2546E5-59C0-4879-9F8D-71E0F927C9DB}.Debug|Any CPU.Build.0 = Debug|Any CPU
		{5A2546E5-59C0-4879-9F8D-71E0F927C9DB}.Release|Any CPU.ActiveCfg = Release|Any CPU
		{5A2546E5-59C0-4879-9F8D-71E0F927C9DB}.Release|Any CPU.Build.0 = Release|Any CPU
		{C2BAC628-3F83-4A7F-90B0-83709B8C79E4}.Debug|Any CPU.ActiveCfg = Debug|Any CPU
		{C2BAC628-3F83-4A7F-90B0-83709B8C79E4}.Debug|Any CPU.Build.0 = Debug|Any CPU
		{C2BAC628-3F83-4A7F-90B0-83709B8C79E4}.Release|Any CPU.ActiveCfg = Release|Any CPU
		{C2BAC628-3F83-4A7F-90B0-83709B8C79E4}.Release|Any CPU.Build.0 = Release|Any CPU
		{7DAD1F70-B508-4514-AD97-5AACEA79EDBF}.Debug|Any CPU.ActiveCfg = Debug|Any CPU
		{7DAD1F70-B508-4514-AD97-5AACEA79EDBF}.Debug|Any CPU.Build.0 = Debug|Any CPU
		{7DAD1F70-B508-4514-AD97-5AACEA79EDBF}.Release|Any CPU.ActiveCfg = Release|Any CPU
		{7DAD1F70-B508-4514-AD97-5AACEA79EDBF}.Release|Any CPU.Build.0 = Release|Any CPU
		{E8C7A12E-2F5C-4D58-9F25-F6E4A626D76B}.Debug|Any CPU.ActiveCfg = Debug|Any CPU
		{E8C7A12E-2F5C-4D58-9F25-F6E4A626D76B}.Debug|Any CPU.Build.0 = Debug|Any CPU
		{E8C7A12E-2F5C-4D58-9F25-F6E4A626D76B}.Release|Any CPU.ActiveCfg = Release|Any CPU
		{E8C7A12E-2F5C-4D58-9F25-F6E4A626D76B}.Release|Any CPU.Build.0 = Release|Any CPU
		{82179748-225A-40DE-B7E4-3A5B70AA276C}.Debug|Any CPU.ActiveCfg = Debug|Any CPU
		{82179748-225A-40DE-B7E4-3A5B70AA276C}.Debug|Any CPU.Build.0 = Debug|Any CPU
		{82179748-225A-40DE-B7E4-3A5B70AA276C}.Release|Any CPU.ActiveCfg = Release|Any CPU
		{82179748-225A-40DE-B7E4-3A5B70AA276C}.Release|Any CPU.Build.0 = Release|Any CPU
		{3FF31737-AA75-4EF3-9E8F-F05C07DDD8BC}.Debug|Any CPU.ActiveCfg = Debug|Any CPU
		{3FF31737-AA75-4EF3-9E8F-F05C07DDD8BC}.Debug|Any CPU.Build.0 = Debug|Any CPU
		{3FF31737-AA75-4EF3-9E8F-F05C07DDD8BC}.Release|Any CPU.ActiveCfg = Release|Any CPU
		{3FF31737-AA75-4EF3-9E8F-F05C07DDD8BC}.Release|Any CPU.Build.0 = Release|Any CPU
		{9151F5BB-1FDE-435B-A916-028D791134F3}.Debug|Any CPU.ActiveCfg = Debug|Any CPU
		{9151F5BB-1FDE-435B-A916-028D791134F3}.Debug|Any CPU.Build.0 = Debug|Any CPU
		{9151F5BB-1FDE-435B-A916-028D791134F3}.Release|Any CPU.ActiveCfg = Release|Any CPU
		{9151F5BB-1FDE-435B-A916-028D791134F3}.Release|Any CPU.Build.0 = Release|Any CPU
		{23DC10A0-67F0-4B10-A335-18E9A15B9C1B}.Debug|Any CPU.ActiveCfg = Debug|Any CPU
		{23DC10A0-67F0-4B10-A335-18E9A15B9C1B}.Debug|Any CPU.Build.0 = Debug|Any CPU
		{23DC10A0-67F0-4B10-A335-18E9A15B9C1B}.Release|Any CPU.ActiveCfg = Release|Any CPU
		{23DC10A0-67F0-4B10-A335-18E9A15B9C1B}.Release|Any CPU.Build.0 = Release|Any CPU
		{DAF65F37-FBDE-4D09-84F9-95B4EB48A52E}.Debug|Any CPU.ActiveCfg = Debug|Any CPU
		{DAF65F37-FBDE-4D09-84F9-95B4EB48A52E}.Debug|Any CPU.Build.0 = Debug|Any CPU
		{DAF65F37-FBDE-4D09-84F9-95B4EB48A52E}.Release|Any CPU.ActiveCfg = Release|Any CPU
		{DAF65F37-FBDE-4D09-84F9-95B4EB48A52E}.Release|Any CPU.Build.0 = Release|Any CPU
		{6BC71155-0319-4E67-A72F-48756BAACFF7}.Debug|Any CPU.ActiveCfg = Debug|Any CPU
		{6BC71155-0319-4E67-A72F-48756BAACFF7}.Debug|Any CPU.Build.0 = Debug|Any CPU
		{6BC71155-0319-4E67-A72F-48756BAACFF7}.Release|Any CPU.ActiveCfg = Release|Any CPU
		{6BC71155-0319-4E67-A72F-48756BAACFF7}.Release|Any CPU.Build.0 = Release|Any CPU
		{6157FC5E-FD32-4F80-9275-592FCC0557F5}.Debug|Any CPU.ActiveCfg = Debug|Any CPU
		{6157FC5E-FD32-4F80-9275-592FCC0557F5}.Debug|Any CPU.Build.0 = Debug|Any CPU
		{6157FC5E-FD32-4F80-9275-592FCC0557F5}.Release|Any CPU.ActiveCfg = Release|Any CPU
		{6157FC5E-FD32-4F80-9275-592FCC0557F5}.Release|Any CPU.Build.0 = Release|Any CPU
		{547DB368-BD48-4DD8-9E3A-9539D8C6DDBB}.Debug|Any CPU.ActiveCfg = Debug|Any CPU
		{547DB368-BD48-4DD8-9E3A-9539D8C6DDBB}.Debug|Any CPU.Build.0 = Debug|Any CPU
		{547DB368-BD48-4DD8-9E3A-9539D8C6DDBB}.Release|Any CPU.ActiveCfg = Release|Any CPU
		{547DB368-BD48-4DD8-9E3A-9539D8C6DDBB}.Release|Any CPU.Build.0 = Release|Any CPU
		{08A8A5C6-39B7-4DD0-B83A-832BF85096E2}.Debug|Any CPU.ActiveCfg = Debug|Any CPU
		{08A8A5C6-39B7-4DD0-B83A-832BF85096E2}.Debug|Any CPU.Build.0 = Debug|Any CPU
		{08A8A5C6-39B7-4DD0-B83A-832BF85096E2}.Release|Any CPU.ActiveCfg = Release|Any CPU
		{08A8A5C6-39B7-4DD0-B83A-832BF85096E2}.Release|Any CPU.Build.0 = Release|Any CPU
		{02FE1C8E-E3FD-4E4C-BFEB-22F081470EFF}.Debug|Any CPU.ActiveCfg = Debug|Any CPU
		{02FE1C8E-E3FD-4E4C-BFEB-22F081470EFF}.Debug|Any CPU.Build.0 = Debug|Any CPU
		{02FE1C8E-E3FD-4E4C-BFEB-22F081470EFF}.Release|Any CPU.ActiveCfg = Release|Any CPU
		{02FE1C8E-E3FD-4E4C-BFEB-22F081470EFF}.Release|Any CPU.Build.0 = Release|Any CPU
		{DABE7F4F-B4A2-4483-BC40-F1509027B211}.Debug|Any CPU.ActiveCfg = Debug|Any CPU
		{DABE7F4F-B4A2-4483-BC40-F1509027B211}.Debug|Any CPU.Build.0 = Debug|Any CPU
		{DABE7F4F-B4A2-4483-BC40-F1509027B211}.Release|Any CPU.ActiveCfg = Release|Any CPU
		{DABE7F4F-B4A2-4483-BC40-F1509027B211}.Release|Any CPU.Build.0 = Release|Any CPU
		{9643A038-CF92-4BFF-A8FD-169298093A2F}.Debug|Any CPU.ActiveCfg = Debug|Any CPU
		{9643A038-CF92-4BFF-A8FD-169298093A2F}.Debug|Any CPU.Build.0 = Debug|Any CPU
		{9643A038-CF92-4BFF-A8FD-169298093A2F}.Release|Any CPU.ActiveCfg = Release|Any CPU
		{9643A038-CF92-4BFF-A8FD-169298093A2F}.Release|Any CPU.Build.0 = Release|Any CPU
	EndGlobalSection
	GlobalSection(SolutionProperties) = preSolution
		HideSolutionNode = FALSE
	EndGlobalSection
	GlobalSection(NestedProjects) = preSolution
		{5A2546E5-59C0-4879-9F8D-71E0F927C9DB} = {D30DBDE2-1A62-4248-A799-6BCA16B6C4E0}
		{C2BAC628-3F83-4A7F-90B0-83709B8C79E4} = {D30DBDE2-1A62-4248-A799-6BCA16B6C4E0}
		{7DAD1F70-B508-4514-AD97-5AACEA79EDBF} = {539C12CF-6F4B-499A-8279-474B78922271}
		{E8C7A12E-2F5C-4D58-9F25-F6E4A626D76B} = {539C12CF-6F4B-499A-8279-474B78922271}
		{82179748-225A-40DE-B7E4-3A5B70AA276C} = {539C12CF-6F4B-499A-8279-474B78922271}
		{3FF31737-AA75-4EF3-9E8F-F05C07DDD8BC} = {D30DBDE2-1A62-4248-A799-6BCA16B6C4E0}
		{9151F5BB-1FDE-435B-A916-028D791134F3} = {C005031C-D0D5-4A3A-89FF-42FB315D184C}
		{C005031C-D0D5-4A3A-89FF-42FB315D184C} = {D30DBDE2-1A62-4248-A799-6BCA16B6C4E0}
		{23DC10A0-67F0-4B10-A335-18E9A15B9C1B} = {C005031C-D0D5-4A3A-89FF-42FB315D184C}
		{DAF65F37-FBDE-4D09-84F9-95B4EB48A52E} = {4016A661-5048-4C90-A516-A6D398ACF226}
		{6BC71155-0319-4E67-A72F-48756BAACFF7} = {4016A661-5048-4C90-A516-A6D398ACF226}
		{2FD514C3-06F2-4697-964D-26703E1A2073} = {4016A661-5048-4C90-A516-A6D398ACF226}
		{547DB368-BD48-4DD8-9E3A-9539D8C6DDBB} = {2FD514C3-06F2-4697-964D-26703E1A2073}
		{08A8A5C6-39B7-4DD0-B83A-832BF85096E2} = {2FD514C3-06F2-4697-964D-26703E1A2073}
		{02FE1C8E-E3FD-4E4C-BFEB-22F081470EFF} = {2FD514C3-06F2-4697-964D-26703E1A2073}
		{DABE7F4F-B4A2-4483-BC40-F1509027B211} = {4016A661-5048-4C90-A516-A6D398ACF226}
		{9643A038-CF92-4BFF-A8FD-169298093A2F} = {4016A661-5048-4C90-A516-A6D398ACF226}
	EndGlobalSection
	GlobalSection(ExtensibilityGlobals) = postSolution
		SolutionGuid = {49AC221E-EB96-45EB-927D-067D198B5C01}
	EndGlobalSection
EndGlobal
