
Microsoft Visual Studio Solution File, Format Version 12.00
# Visual Studio 14
VisualStudioVersion = 14.0.25420.1
MinimumVisualStudioVersion = 10.0.40219.1
Project("{FAE04EC0-301F-11D3-BF4B-00C04F79EFBC}") = "ToonKnifeServer", "ToonKnifeServer\ToonKnifeServer.csproj", "{DAF65F37-FBDE-4D09-84F9-95B4EB48A52E}"
EndProject
Project("{FAE04EC0-301F-11D3-BF4B-00C04F79EFBC}") = "ToonKnifeServerClientCommon", "ToonKnifeServerClientCommon\ToonKnifeServerClientCommon.csproj", "{6BC71155-0319-4E67-A72F-48756BAACFF7}"
EndProject
Project("{FAE04EC0-301F-11D3-BF4B-00C04F79EFBC}") = "Scs", "..\scs-master net3_5\src\Scs\Scs.csproj", "{0DC81B09-3ABF-4BB3-8C08-4E8EE4432BDC}"
EndProject
Project("{2150E333-8FDC-42A3-9474-1A3956D46DE8}") = "ScsService", "ScsService", "{D30DBDE2-1A62-4248-A799-6BCA16B6C4E0}"
EndProject
Project("{FAE04EC0-301F-11D3-BF4B-00C04F79EFBC}") = "ScsService.Common", "ScsService\Common\ScsService.Common.csproj", "{5A2546E5-59C0-4879-9F8D-71E0F927C9DB}"
EndProject
Project("{FAE04EC0-301F-11D3-BF4B-00C04F79EFBC}") = "ScsService.Server", "ScsService\Server\ScsService.Server.csproj", "{C2BAC628-3F83-4A7F-90B0-83709B8C79E4}"
EndProject
Global
	GlobalSection(SolutionConfigurationPlatforms) = preSolution
		Debug|Any CPU = Debug|Any CPU
		Release|Any CPU = Release|Any CPU
	EndGlobalSection
	GlobalSection(ProjectConfigurationPlatforms) = postSolution
		{DAF65F37-FBDE-4D09-84F9-95B4EB48A52E}.Debug|Any CPU.ActiveCfg = Debug|Any CPU
		{DAF65F37-FBDE-4D09-84F9-95B4EB48A52E}.Debug|Any CPU.Build.0 = Debug|Any CPU
		{DAF65F37-FBDE-4D09-84F9-95B4EB48A52E}.Release|Any CPU.ActiveCfg = Release|Any CPU
		{DAF65F37-FBDE-4D09-84F9-95B4EB48A52E}.Release|Any CPU.Build.0 = Release|Any CPU
		{6BC71155-0319-4E67-A72F-48756BAACFF7}.Debug|Any CPU.ActiveCfg = Debug|Any CPU
		{6BC71155-0319-4E67-A72F-48756BAACFF7}.Debug|Any CPU.Build.0 = Debug|Any CPU
		{6BC71155-0319-4E67-A72F-48756BAACFF7}.Release|Any CPU.ActiveCfg = Release|Any CPU
		{6BC71155-0319-4E67-A72F-48756BAACFF7}.Release|Any CPU.Build.0 = Release|Any CPU
		{0DC81B09-3ABF-4BB3-8C08-4E8EE4432BDC}.Debug|Any CPU.ActiveCfg = Debug|Any CPU
		{0DC81B09-3ABF-4BB3-8C08-4E8EE4432BDC}.Debug|Any CPU.Build.0 = Debug|Any CPU
		{0DC81B09-3ABF-4BB3-8C08-4E8EE4432BDC}.Release|Any CPU.ActiveCfg = Release|Any CPU
		{0DC81B09-3ABF-4BB3-8C08-4E8EE4432BDC}.Release|Any CPU.Build.0 = Release|Any CPU
		{5A2546E5-59C0-4879-9F8D-71E0F927C9DB}.Debug|Any CPU.ActiveCfg = Debug|Any CPU
		{5A2546E5-59C0-4879-9F8D-71E0F927C9DB}.Debug|Any CPU.Build.0 = Debug|Any CPU
		{5A2546E5-59C0-4879-9F8D-71E0F927C9DB}.Release|Any CPU.ActiveCfg = Release|Any CPU
		{5A2546E5-59C0-4879-9F8D-71E0F927C9DB}.Release|Any CPU.Build.0 = Release|Any CPU
		{C2BAC628-3F83-4A7F-90B0-83709B8C79E4}.Debug|Any CPU.ActiveCfg = Debug|Any CPU
		{C2BAC628-3F83-4A7F-90B0-83709B8C79E4}.Debug|Any CPU.Build.0 = Debug|Any CPU
		{C2BAC628-3F83-4A7F-90B0-83709B8C79E4}.Release|Any CPU.ActiveCfg = Release|Any CPU
		{C2BAC628-3F83-4A7F-90B0-83709B8C79E4}.Release|Any CPU.Build.0 = Release|Any CPU
	EndGlobalSection
	GlobalSection(SolutionProperties) = preSolution
		HideSolutionNode = FALSE
	EndGlobalSection
	GlobalSection(NestedProjects) = preSolution
		{5A2546E5-59C0-4879-9F8D-71E0F927C9DB} = {D30DBDE2-1A62-4248-A799-6BCA16B6C4E0}
		{C2BAC628-3F83-4A7F-90B0-83709B8C79E4} = {D30DBDE2-1A62-4248-A799-6BCA16B6C4E0}
	EndGlobalSection
EndGlobal
